
Microsoft Visual Studio Solution File, Format Version 12.00
Project("{2150E333-8FDC-42A3-9474-1A3956D46DE8}") = "src", "src", "{8D45B504-7AF1-4589-9663-99F4A09CD5D0}"
EndProject
Project("{2150E333-8FDC-42A3-9474-1A3956D46DE8}") = "BuildingBlocks", "BuildingBlocks", "{7966620B-E2D0-426C-9566-DCEE642BFA1F}"
EndProject
Project("{FAE04EC0-301F-11D3-BF4B-00C04F79EFBC}") = "BuildingBlocks", "src\BuildingBlocks\BuildingBlocks\BuildingBlocks.csproj", "{A0B3A328-CA64-40D4-84CD-7B1B9FC1FE10}"
EndProject
Project("{2150E333-8FDC-42A3-9474-1A3956D46DE8}") = "Services", "Services", "{F7CD77FD-30D7-45FB-AB9F-9352B08CD121}"
EndProject
Project("{2150E333-8FDC-42A3-9474-1A3956D46DE8}") = "Catalog", "Catalog", "{01CC728E-F682-4062-863F-D13A41FD0151}"
EndProject
Project("{FAE04EC0-301F-11D3-BF4B-00C04F79EFBC}") = "Catalog.API", "src\Services\Catalog\Catalog.API\Catalog.API.csproj", "{5EB27035-C361-4BD4-9CE6-66B31AC4DF8D}"
EndProject
Global
	GlobalSection(SolutionConfigurationPlatforms) = preSolution
		Debug|Any CPU = Debug|Any CPU
		Release|Any CPU = Release|Any CPU
	EndGlobalSection
	GlobalSection(NestedProjects) = preSolution
		{7966620B-E2D0-426C-9566-DCEE642BFA1F} = {8D45B504-7AF1-4589-9663-99F4A09CD5D0}
		{A0B3A328-CA64-40D4-84CD-7B1B9FC1FE10} = {7966620B-E2D0-426C-9566-DCEE642BFA1F}
		{F7CD77FD-30D7-45FB-AB9F-9352B08CD121} = {8D45B504-7AF1-4589-9663-99F4A09CD5D0}
		{01CC728E-F682-4062-863F-D13A41FD0151} = {F7CD77FD-30D7-45FB-AB9F-9352B08CD121}
		{5EB27035-C361-4BD4-9CE6-66B31AC4DF8D} = {01CC728E-F682-4062-863F-D13A41FD0151}
	EndGlobalSection
	GlobalSection(ProjectConfigurationPlatforms) = postSolution
		{A0B3A328-CA64-40D4-84CD-7B1B9FC1FE10}.Debug|Any CPU.ActiveCfg = Debug|Any CPU
		{A0B3A328-CA64-40D4-84CD-7B1B9FC1FE10}.Debug|Any CPU.Build.0 = Debug|Any CPU
		{A0B3A328-CA64-40D4-84CD-7B1B9FC1FE10}.Release|Any CPU.ActiveCfg = Release|Any CPU
		{A0B3A328-CA64-40D4-84CD-7B1B9FC1FE10}.Release|Any CPU.Build.0 = Release|Any CPU
		{5EB27035-C361-4BD4-9CE6-66B31AC4DF8D}.Debug|Any CPU.ActiveCfg = Debug|Any CPU
		{5EB27035-C361-4BD4-9CE6-66B31AC4DF8D}.Debug|Any CPU.Build.0 = Debug|Any CPU
		{5EB27035-C361-4BD4-9CE6-66B31AC4DF8D}.Release|Any CPU.ActiveCfg = Release|Any CPU
		{5EB27035-C361-4BD4-9CE6-66B31AC4DF8D}.Release|Any CPU.Build.0 = Release|Any CPU
	EndGlobalSection
EndGlobal
